// !$*UTF8*$!
{
	archiveVersion = 1;
	classes = {
	};
	objectVersion = 77;
	objects = {

/* Begin PBXContainerItemProxy section */
		2E3F76D42D4B0ABD00F06B1F /* PBXContainerItemProxy */ = {
			isa = PBXContainerItemProxy;
			containerPortal = 2E3F76B52D4B0AB200F06B1F /* Project object */;
			proxyType = 1;
			remoteGlobalIDString = 2E3F76BC2D4B0AB200F06B1F;
			remoteInfo = "Codepath Prework";
		};
		2E3F76DE2D4B0ABD00F06B1F /* PBXContainerItemProxy */ = {
			isa = PBXContainerItemProxy;
			containerPortal = 2E3F76B52D4B0AB200F06B1F /* Project object */;
			proxyType = 1;
			remoteGlobalIDString = 2E3F76BC2D4B0AB200F06B1F;
			remoteInfo = "Codepath Prework";
		};
/* End PBXContainerItemProxy section */

/* Begin PBXFileReference section */
		2E3F76BD2D4B0AB200F06B1F /* Codepath Prework.app */ = {isa = PBXFileReference; explicitFileType = wrapper.application; includeInIndex = 0; path = "Codepath Prework.app"; sourceTree = BUILT_PRODUCTS_DIR; };
		2E3F76D32D4B0ABD00F06B1F /* Codepath PreworkTests.xctest */ = {isa = PBXFileReference; explicitFileType = wrapper.cfbundle; includeInIndex = 0; path = "Codepath PreworkTests.xctest"; sourceTree = BUILT_PRODUCTS_DIR; };
		2E3F76DD2D4B0ABD00F06B1F /* Codepath PreworkUITests.xctest */ = {isa = PBXFileReference; explicitFileType = wrapper.cfbundle; includeInIndex = 0; path = "Codepath PreworkUITests.xctest"; sourceTree = BUILT_PRODUCTS_DIR; };
/* End PBXFileReference section */

/* Begin PBXFileSystemSynchronizedBuildFileExceptionSet section */
		2E3F76E52D4B0ABD00F06B1F /* Exceptions for "Codepath Prework" folder in "Codepath Prework" target */ = {
			isa = PBXFileSystemSynchronizedBuildFileExceptionSet;
			membershipExceptions = (
				Info.plist,
			);
			target = 2E3F76BC2D4B0AB200F06B1F /* Codepath Prework */;
		};
/* End PBXFileSystemSynchronizedBuildFileExceptionSet section */

/* Begin PBXFileSystemSynchronizedRootGroup section */
		2E3F76BF2D4B0AB200F06B1F /* Codepath Prework */ = {
			isa = PBXFileSystemSynchronizedRootGroup;
			exceptions = (
				2E3F76E52D4B0ABD00F06B1F /* Exceptions for "Codepath Prework" folder in "Codepath Prework" target */,
			);
			path = "Codepath Prework";
			sourceTree = "<group>";
		};
		2E3F76D62D4B0ABD00F06B1F /* Codepath PreworkTests */ = {
			isa = PBXFileSystemSynchronizedRootGroup;
			path = "Codepath PreworkTests";
			sourceTree = "<group>";
		};
		2E3F76E02D4B0ABD00F06B1F /* Codepath PreworkUITests */ = {
			isa = PBXFileSystemSynchronizedRootGroup;
			path = "Codepath PreworkUITests";
			sourceTree = "<group>";
		};
/* End PBXFileSystemSynchronizedRootGroup section */

/* Begin PBXFrameworksBuildPhase section */
		2E3F76BA2D4B0AB200F06B1F /* Frameworks */ = {
			isa = PBXFrameworksBuildPhase;
			buildActionMask = 2147483647;
			files = (
			);
			runOnlyForDeploymentPostprocessing = 0;
		};
		2E3F76D02D4B0ABD00F06B1F /* Frameworks */ = {
			isa = PBXFrameworksBuildPhase;
			buildActionMask = 2147483647;
			files = (
			);
			runOnlyForDeploymentPostprocessing = 0;
		};
		2E3F76DA2D4B0ABD00F06B1F /* Frameworks */ = {
			isa = PBXFrameworksBuildPhase;
			buildActionMask = 2147483647;
			files = (
			);
			runOnlyForDeploymentPostprocessing = 0;
		};
/* End PBXFrameworksBuildPhase section */

/* Begin PBXGroup section */
		2E3F76B42D4B0AB200F06B1F = {
			isa = PBXGroup;
			children = (
				2E3F76BF2D4B0AB200F06B1F /* Codepath Prework */,
				2E3F76D62D4B0ABD00F06B1F /* Codepath PreworkTests */,
				2E3F76E02D4B0ABD00F06B1F /* Codepath PreworkUITests */,
				2E3F76BE2D4B0AB200F06B1F /* Products */,
			);
			sourceTree = "<group>";
		};
		2E3F76BE2D4B0AB200F06B1F /* Products */ = {
			isa = PBXGroup;
			children = (
				2E3F76BD2D4B0AB200F06B1F /* Codepath Prework.app */,
				2E3F76D32D4B0ABD00F06B1F /* Codepath PreworkTests.xctest */,
				2E3F76DD2D4B0ABD00F06B1F /* Codepath PreworkUITests.xctest */,
			);
			name = Products;
			sourceTree = "<group>";
		};
/* End PBXGroup section */

/* Begin PBXNativeTarget section */
		2E3F76BC2D4B0AB200F06B1F /* Codepath Prework */ = {
			isa = PBXNativeTarget;
			buildConfigurationList = 2E3F76E62D4B0ABD00F06B1F /* Build configuration list for PBXNativeTarget "Codepath Prework" */;
			buildPhases = (
				2E3F76B92D4B0AB200F06B1F /* Sources */,
				2E3F76BA2D4B0AB200F06B1F /* Frameworks */,
				2E3F76BB2D4B0AB200F06B1F /* Resources */,
			);
			buildRules = (
			);
			dependencies = (
			);
			fileSystemSynchronizedGroups = (
				2E3F76BF2D4B0AB200F06B1F /* Codepath Prework */,
			);
			name = "Codepath Prework";
			packageProductDependencies = (
			);
			productName = "Codepath Prework";
			productReference = 2E3F76BD2D4B0AB200F06B1F /* Codepath Prework.app */;
			productType = "com.apple.product-type.application";
		};
		2E3F76D22D4B0ABD00F06B1F /* Codepath PreworkTests */ = {
			isa = PBXNativeTarget;
			buildConfigurationList = 2E3F76EB2D4B0ABD00F06B1F /* Build configuration list for PBXNativeTarget "Codepath PreworkTests" */;
			buildPhases = (
				2E3F76CF2D4B0ABD00F06B1F /* Sources */,
				2E3F76D02D4B0ABD00F06B1F /* Frameworks */,
				2E3F76D12D4B0ABD00F06B1F /* Resources */,
			);
			buildRules = (
			);
			dependencies = (
				2E3F76D52D4B0ABD00F06B1F /* PBXTargetDependency */,
			);
			fileSystemSynchronizedGroups = (
				2E3F76D62D4B0ABD00F06B1F /* Codepath PreworkTests */,
			);
			name = "Codepath PreworkTests";
			packageProductDependencies = (
			);
			productName = "Codepath PreworkTests";
			productReference = 2E3F76D32D4B0ABD00F06B1F /* Codepath PreworkTests.xctest */;
			productType = "com.apple.product-type.bundle.unit-test";
		};
		2E3F76DC2D4B0ABD00F06B1F /* Codepath PreworkUITests */ = {
			isa = PBXNativeTarget;
			buildConfigurationList = 2E3F76EE2D4B0ABD00F06B1F /* Build configuration list for PBXNativeTarget "Codepath PreworkUITests" */;
			buildPhases = (
				2E3F76D92D4B0ABD00F06B1F /* Sources */,
				2E3F76DA2D4B0ABD00F06B1F /* Frameworks */,
				2E3F76DB2D4B0ABD00F06B1F /* Resources */,
			);
			buildRules = (
			);
			dependencies = (
				2E3F76DF2D4B0ABD00F06B1F /* PBXTargetDependency */,
			);
			fileSystemSynchronizedGroups = (
				2E3F76E02D4B0ABD00F06B1F /* Codepath PreworkUITests */,
			);
			name = "Codepath PreworkUITests";
			packageProductDependencies = (
			);
			productName = "Codepath PreworkUITests";
			productReference = 2E3F76DD2D4B0ABD00F06B1F /* Codepath PreworkUITests.xctest */;
			productType = "com.apple.product-type.bundle.ui-testing";
		};
/* End PBXNativeTarget section */

/* Begin PBXProject section */
		2E3F76B52D4B0AB200F06B1F /* Project object */ = {
			isa = PBXProject;
			attributes = {
				BuildIndependentTargetsInParallel = 1;
				LastSwiftUpdateCheck = 1610;
				LastUpgradeCheck = 1610;
				TargetAttributes = {
					2E3F76BC2D4B0AB200F06B1F = {
						CreatedOnToolsVersion = 16.1;
					};
					2E3F76D22D4B0ABD00F06B1F = {
						CreatedOnToolsVersion = 16.1;
						TestTargetID = 2E3F76BC2D4B0AB200F06B1F;
					};
					2E3F76DC2D4B0ABD00F06B1F = {
						CreatedOnToolsVersion = 16.1;
						TestTargetID = 2E3F76BC2D4B0AB200F06B1F;
					};
				};
			};
			buildConfigurationList = 2E3F76B82D4B0AB200F06B1F /* Build configuration list for PBXProject "Codepath Prework" */;
			developmentRegion = en;
			hasScannedForEncodings = 0;
			knownRegions = (
				en,
				Base,
			);
			mainGroup = 2E3F76B42D4B0AB200F06B1F;
			minimizedProjectReferenceProxies = 1;
			preferredProjectObjectVersion = 77;
			productRefGroup = 2E3F76BE2D4B0AB200F06B1F /* Products */;
			projectDirPath = "";
			projectRoot = "";
			targets = (
				2E3F76BC2D4B0AB200F06B1F /* Codepath Prework */,
				2E3F76D22D4B0ABD00F06B1F /* Codepath PreworkTests */,
				2E3F76DC2D4B0ABD00F06B1F /* Codepath PreworkUITests */,
			);
		};
/* End PBXProject section */

/* Begin PBXResourcesBuildPhase section */
		2E3F76BB2D4B0AB200F06B1F /* Resources */ = {
			isa = PBXResourcesBuildPhase;
			buildActionMask = 2147483647;
			files = (
			);
			runOnlyForDeploymentPostprocessing = 0;
		};
		2E3F76D12D4B0ABD00F06B1F /* Resources */ = {
			isa = PBXResourcesBuildPhase;
			buildActionMask = 2147483647;
			files = (
			);
			runOnlyForDeploymentPostprocessing = 0;
		};
		2E3F76DB2D4B0ABD00F06B1F /* Resources */ = {
			isa = PBXResourcesBuildPhase;
			buildActionMask = 2147483647;
			files = (
			);
			runOnlyForDeploymentPostprocessing = 0;
		};
/* End PBXResourcesBuildPhase section */

/* Begin PBXSourcesBuildPhase section */
		2E3F76B92D4B0AB200F06B1F /* Sources */ = {
			isa = PBXSourcesBuildPhase;
			buildActionMask = 2147483647;
			files = (
			);
			runOnlyForDeploymentPostprocessing = 0;
		};
		2E3F76CF2D4B0ABD00F06B1F /* Sources */ = {
			isa = PBXSourcesBuildPhase;
			buildActionMask = 2147483647;
			files = (
			);
			runOnlyForDeploymentPostprocessing = 0;
		};
		2E3F76D92D4B0ABD00F06B1F /* Sources */ = {
			isa = PBXSourcesBuildPhase;
			buildActionMask = 2147483647;
			files = (
			);
			runOnlyForDeploymentPostprocessing = 0;
		};
/* End PBXSourcesBuildPhase section */

/* Begin PBXTargetDependency section */
		2E3F76D52D4B0ABD00F06B1F /* PBXTargetDependency */ = {
			isa = PBXTargetDependency;
			target = 2E3F76BC2D4B0AB200F06B1F /* Codepath Prework */;
			targetProxy = 2E3F76D42D4B0ABD00F06B1F /* PBXContainerItemProxy */;
		};
		2E3F76DF2D4B0ABD00F06B1F /* PBXTargetDependency */ = {
			isa = PBXTargetDependency;
			target = 2E3F76BC2D4B0AB200F06B1F /* Codepath Prework */;
			targetProxy = 2E3F76DE2D4B0ABD00F06B1F /* PBXContainerItemProxy */;
		};
/* End PBXTargetDependency section */

/* Begin XCBuildConfiguration section */
		2E3F76E72D4B0ABD00F06B1F /* Debug */ = {
			isa = XCBuildConfiguration;
			buildSettings = {
				ASSETCATALOG_COMPILER_APPICON_NAME = AppIcon;
				ASSETCATALOG_COMPILER_GLOBAL_ACCENT_COLOR_NAME = AccentColor;
				CODE_SIGN_STYLE = Automatic;
				CURRENT_PROJECT_VERSION = 1;
				GENERATE_INFOPLIST_FILE = YES;
				INFOPLIST_FILE = "Codepath Prework/Info.plist";
				INFOPLIST_KEY_UIApplicationSupportsIndirectInputEvents = YES;
				INFOPLIST_KEY_UILaunchStoryboardName = LaunchScreen;
				INFOPLIST_KEY_UIMainStoryboardFile = Main;
				INFOPLIST_KEY_UISupportedInterfaceOrientations_iPad = "UIInterfaceOrientationPortrait UIInterfaceOrientationPortraitUpsideDown UIInterfaceOrientationLandscapeLeft UIInterfaceOrientationLandscapeRight";
				INFOPLIST_KEY_UISupportedInterfaceOrientations_iPhone = "UIInterfaceOrientationPortrait UIInterfaceOrientationLandscapeLeft UIInterfaceOrientationLandscapeRight";
				LD_RUNPATH_SEARCH_PATHS = (
					"$(inherited)",
					"@executable_path/Frameworks",
				);
				MARKETING_VERSION = 1.0;
				PRODUCT_BUNDLE_IDENTIFIER = "test5.Codepath-Prework";
				PRODUCT_NAME = "$(TARGET_NAME)";
				SWIFT_EMIT_LOC_STRINGS = YES;
				SWIFT_VERSION = 5.0;
				TARGETED_DEVICE_FAMILY = "1,2";
			};
			name = Debug;
		};
		2E3F76E82D4B0ABD00F06B1F /* Release */ = {
			isa = XCBuildConfiguration;
			buildSettings = {
				ASSETCATALOG_COMPILER_APPICON_NAME = AppIcon;
				ASSETCATALOG_COMPILER_GLOBAL_ACCENT_COLOR_NAME = AccentColor;
				CODE_SIGN_STYLE = Automatic;
				CURRENT_PROJECT_VERSION = 1;
				GENERATE_INFOPLIST_FILE = YES;
				INFOPLIST_FILE = "Codepath Prework/Info.plist";
				INFOPLIST_KEY_UIApplicationSupportsIndirectInputEvents = YES;
				INFOPLIST_KEY_UILaunchStoryboardName = LaunchScreen;
				INFOPLIST_KEY_UIMainStoryboardFile = Main;
				INFOPLIST_KEY_UISupportedInterfaceOrientations_iPad = "UIInterfaceOrientationPortrait UIInterfaceOrientationPortraitUpsideDown UIInterfaceOrientationLandscapeLeft UIInterfaceOrientationLandscapeRight";
				INFOPLIST_KEY_UISupportedInterfaceOrientations_iPhone = "UIInterfaceOrientationPortrait UIInterfaceOrientationLandscapeLeft UIInterfaceOrientationLandscapeRight";
				LD_RUNPATH_SEARCH_PATHS = (
					"$(inherited)",
					"@executable_path/Frameworks",
				);
				MARKETING_VERSION = 1.0;
				PRODUCT_BUNDLE_IDENTIFIER = "test5.Codepath-Prework";
				PRODUCT_NAME = "$(TARGET_NAME)";
				SWIFT_EMIT_LOC_STRINGS = YES;
				SWIFT_VERSION = 5.0;
				TARGETED_DEVICE_FAMILY = "1,2";
			};
			name = Release;
		};
		2E3F76E92D4B0ABD00F06B1F /* Debug */ = {
			isa = XCBuildConfiguration;
			buildSettings = {
				ALWAYS_SEARCH_USER_PATHS = NO;
				ASSETCATALOG_COMPILER_GENERATE_SWIFT_ASSET_SYMBOL_EXTENSIONS = YES;
				CLANG_ANALYZER_NONNULL = YES;
				CLANG_ANALYZER_NUMBER_OBJECT_CONVERSION = YES_AGGRESSIVE;
				CLANG_CXX_LANGUAGE_STANDARD = "gnu++20";
				CLANG_ENABLE_MODULES = YES;
				CLANG_ENABLE_OBJC_ARC = YES;
				CLANG_ENABLE_OBJC_WEAK = YES;
				CLANG_WARN_BLOCK_CAPTURE_AUTORELEASING = YES;
				CLANG_WARN_BOOL_CONVERSION = YES;
				CLANG_WARN_COMMA = YES;
				CLANG_WARN_CONSTANT_CONVERSION = YES;
				CLANG_WARN_DEPRECATED_OBJC_IMPLEMENTATIONS = YES;
				CLANG_WARN_DIRECT_OBJC_ISA_USAGE = YES_ERROR;
				CLANG_WARN_DOCUMENTATION_COMMENTS = YES;
				CLANG_WARN_EMPTY_BODY = YES;
				CLANG_WARN_ENUM_CONVERSION = YES;
				CLANG_WARN_INFINITE_RECURSION = YES;
				CLANG_WARN_INT_CONVERSION = YES;
				CLANG_WARN_NON_LITERAL_NULL_CONVERSION = YES;
				CLANG_WARN_OBJC_IMPLICIT_RETAIN_SELF = YES;
				CLANG_WARN_OBJC_LITERAL_CONVERSION = YES;
				CLANG_WARN_OBJC_ROOT_CLASS = YES_ERROR;
				CLANG_WARN_QUOTED_INCLUDE_IN_FRAMEWORK_HEADER = YES;
				CLANG_WARN_RANGE_LOOP_ANALYSIS = YES;
				CLANG_WARN_STRICT_PROTOTYPES = YES;
				CLANG_WARN_SUSPICIOUS_MOVE = YES;
				CLANG_WARN_UNGUARDED_AVAILABILITY = YES_AGGRESSIVE;
				CLANG_WARN_UNREACHABLE_CODE = YES;
				CLANG_WARN__DUPLICATE_METHOD_MATCH = YES;
				COPY_PHASE_STRIP = NO;
				DEBUG_INFORMATION_FORMAT = dwarf;
				ENABLE_STRICT_OBJC_MSGSEND = YES;
				ENABLE_TESTABILITY = YES;
				ENABLE_USER_SCRIPT_SANDBOXING = YES;
				GCC_C_LANGUAGE_STANDARD = gnu17;
				GCC_DYNAMIC_NO_PIC = NO;
				GCC_NO_COMMON_BLOCKS = YES;
				GCC_OPTIMIZATION_LEVEL = 0;
				GCC_PREPROCESSOR_DEFINITIONS = (
					"DEBUG=1",
					"$(inherited)",
				);
				GCC_WARN_64_TO_32_BIT_CONVERSION = YES;
				GCC_WARN_ABOUT_RETURN_TYPE = YES_ERROR;
				GCC_WARN_UNDECLARED_SELECTOR = YES;
				GCC_WARN_UNINITIALIZED_AUTOS = YES_AGGRESSIVE;
				GCC_WARN_UNUSED_FUNCTION = YES;
				GCC_WARN_UNUSED_VARIABLE = YES;
				IPHONEOS_DEPLOYMENT_TARGET = 18.1;
				LOCALIZATION_PREFERS_STRING_CATALOGS = YES;
				MTL_ENABLE_DEBUG_INFO = INCLUDE_SOURCE;
				MTL_FAST_MATH = YES;
				ONLY_ACTIVE_ARCH = YES;
				SDKROOT = iphoneos;
				SWIFT_ACTIVE_COMPILATION_CONDITIONS = "DEBUG $(inherited)";
				SWIFT_OPTIMIZATION_LEVEL = "-Onone";
			};
			name = Debug;
		};
		2E3F76EA2D4B0ABD00F06B1F /* Release */ = {
			isa = XCBuildConfiguration;
			buildSettings = {
				ALWAYS_SEARCH_USER_PATHS = NO;
				ASSETCATALOG_COMPILER_GENERATE_SWIFT_ASSET_SYMBOL_EXTENSIONS = YES;
				CLANG_ANALYZER_NONNULL = YES;
				CLANG_ANALYZER_NUMBER_OBJECT_CONVERSION = YES_AGGRESSIVE;
				CLANG_CXX_LANGUAGE_STANDARD = "gnu++20";
				CLANG_ENABLE_MODULES = YES;
				CLANG_ENABLE_OBJC_ARC = YES;
				CLANG_ENABLE_OBJC_WEAK = YES;
				CLANG_WARN_BLOCK_CAPTURE_AUTORELEASING = YES;
				CLANG_WARN_BOOL_CONVERSION = YES;
				CLANG_WARN_COMMA = YES;
				CLANG_WARN_CONSTANT_CONVERSION = YES;
				CLANG_WARN_DEPRECATED_OBJC_IMPLEMENTATIONS = YES;
				CLANG_WARN_DIRECT_OBJC_ISA_USAGE = YES_ERROR;
				CLANG_WARN_DOCUMENTATION_COMMENTS = YES;
				CLANG_WARN_EMPTY_BODY = YES;
				CLANG_WARN_ENUM_CONVERSION = YES;
				CLANG_WARN_INFINITE_RECURSION = YES;
				CLANG_WARN_INT_CONVERSION = YES;
				CLANG_WARN_NON_LITERAL_NULL_CONVERSION = YES;
				CLANG_WARN_OBJC_IMPLICIT_RETAIN_SELF = YES;
				CLANG_WARN_OBJC_LITERAL_CONVERSION = YES;
				CLANG_WARN_OBJC_ROOT_CLASS = YES_ERROR;
				CLANG_WARN_QUOTED_INCLUDE_IN_FRAMEWORK_HEADER = YES;
				CLANG_WARN_RANGE_LOOP_ANALYSIS = YES;
				CLANG_WARN_STRICT_PROTOTYPES = YES;
				CLANG_WARN_SUSPICIOUS_MOVE = YES;
				CLANG_WARN_UNGUARDED_AVAILABILITY = YES_AGGRESSIVE;
				CLANG_WARN_UNREACHABLE_CODE = YES;
				CLANG_WARN__DUPLICATE_METHOD_MATCH = YES;
				COPY_PHASE_STRIP = NO;
				DEBUG_INFORMATION_FORMAT = "dwarf-with-dsym";
				ENABLE_NS_ASSERTIONS = NO;
				ENABLE_STRICT_OBJC_MSGSEND = YES;
				ENABLE_USER_SCRIPT_SANDBOXING = YES;
				GCC_C_LANGUAGE_STANDARD = gnu17;
				GCC_NO_COMMON_BLOCKS = YES;
				GCC_WARN_64_TO_32_BIT_CONVERSION = YES;
				GCC_WARN_ABOUT_RETURN_TYPE = YES_ERROR;
				GCC_WARN_UNDECLARED_SELECTOR = YES;
				GCC_WARN_UNINITIALIZED_AUTOS = YES_AGGRESSIVE;
				GCC_WARN_UNUSED_FUNCTION = YES;
				GCC_WARN_UNUSED_VARIABLE = YES;
				IPHONEOS_DEPLOYMENT_TARGET = 18.1;
				LOCALIZATION_PREFERS_STRING_CATALOGS = YES;
				MTL_ENABLE_DEBUG_INFO = NO;
				MTL_FAST_MATH = YES;
				SDKROOT = iphoneos;
				SWIFT_COMPILATION_MODE = wholemodule;
				VALIDATE_PRODUCT = YES;
			};
			name = Release;
		};
		2E3F76EC2D4B0ABD00F06B1F /* Debug */ = {
			isa = XCBuildConfiguration;
			buildSettings = {
				BUNDLE_LOADER = "$(TEST_HOST)";
				CODE_SIGN_STYLE = Automatic;
				CURRENT_PROJECT_VERSION = 1;
				GENERATE_INFOPLIST_FILE = YES;
				IPHONEOS_DEPLOYMENT_TARGET = 18.1;
				MARKETING_VERSION = 1.0;
				PRODUCT_BUNDLE_IDENTIFIER = "test5.Codepath-PreworkTests";
				PRODUCT_NAME = "$(TARGET_NAME)";
				SWIFT_EMIT_LOC_STRINGS = NO;
				SWIFT_VERSION = 5.0;
				TARGETED_DEVICE_FAMILY = "1,2";
				TEST_HOST = "$(BUILT_PRODUCTS_DIR)/Codepath Prework.app/$(BUNDLE_EXECUTABLE_FOLDER_PATH)/Codepath Prework";
			};
			name = Debug;
		};
		2E3F76ED2D4B0ABD00F06B1F /* Release */ = {
			isa = XCBuildConfiguration;
			buildSettings = {
				BUNDLE_LOADER = "$(TEST_HOST)";
				CODE_SIGN_STYLE = Automatic;
				CURRENT_PROJECT_VERSION = 1;
				GENERATE_INFOPLIST_FILE = YES;
				IPHONEOS_DEPLOYMENT_TARGET = 18.1;
				MARKETING_VERSION = 1.0;
				PRODUCT_BUNDLE_IDENTIFIER = "test5.Codepath-PreworkTests";
				PRODUCT_NAME = "$(TARGET_NAME)";
				SWIFT_EMIT_LOC_STRINGS = NO;
				SWIFT_VERSION = 5.0;
				TARGETED_DEVICE_FAMILY = "1,2";
				TEST_HOST = "$(BUILT_PRODUCTS_DIR)/Codepath Prework.app/$(BUNDLE_EXECUTABLE_FOLDER_PATH)/Codepath Prework";
			};
			name = Release;
		};
		2E3F76EF2D4B0ABD00F06B1F /* Debug */ = {
			isa = XCBuildConfiguration;
			buildSettings = {
				CODE_SIGN_STYLE = Automatic;
				CURRENT_PROJECT_VERSION = 1;
				GENERATE_INFOPLIST_FILE = YES;
				MARKETING_VERSION = 1.0;
				PRODUCT_BUNDLE_IDENTIFIER = "test5.Codepath-PreworkUITests";
				PRODUCT_NAME = "$(TARGET_NAME)";
				SWIFT_EMIT_LOC_STRINGS = NO;
				SWIFT_VERSION = 5.0;
				TARGETED_DEVICE_FAMILY = "1,2";
				TEST_TARGET_NAME = "Codepath Prework";
			};
			name = Debug;
		};
		2E3F76F02D4B0ABD00F06B1F /* Release */ = {
			isa = XCBuildConfiguration;
			buildSettings = {
				CODE_SIGN_STYLE = Automatic;
				CURRENT_PROJECT_VERSION = 1;
				GENERATE_INFOPLIST_FILE = YES;
				MARKETING_VERSION = 1.0;
				PRODUCT_BUNDLE_IDENTIFIER = "test5.Codepath-PreworkUITests";
				PRODUCT_NAME = "$(TARGET_NAME)";
				SWIFT_EMIT_LOC_STRINGS = NO;
				SWIFT_VERSION = 5.0;
				TARGETED_DEVICE_FAMILY = "1,2";
				TEST_TARGET_NAME = "Codepath Prework";
			};
			name = Release;
		};
/* End XCBuildConfiguration section */

/* Begin XCConfigurationList section */
		2E3F76B82D4B0AB200F06B1F /* Build configuration list for PBXProject "Codepath Prework" */ = {
			isa = XCConfigurationList;
			buildConfigurations = (
				2E3F76E92D4B0ABD00F06B1F /* Debug */,
				2E3F76EA2D4B0ABD00F06B1F /* Release */,
			);
			defaultConfigurationIsVisible = 0;
			defaultConfigurationName = Release;
		};
		2E3F76E62D4B0ABD00F06B1F /* Build configuration list for PBXNativeTarget "Codepath Prework" */ = {
			isa = XCConfigurationList;
			buildConfigurations = (
				2E3F76E72D4B0ABD00F06B1F /* Debug */,
				2E3F76E82D4B0ABD00F06B1F /* Release */,
			);
			defaultConfigurationIsVisible = 0;
			defaultConfigurationName = Release;
		};
		2E3F76EB2D4B0ABD00F06B1F /* Build configuration list for PBXNativeTarget "Codepath PreworkTests" */ = {
			isa = XCConfigurationList;
			buildConfigurations = (
				2E3F76EC2D4B0ABD00F06B1F /* Debug */,
				2E3F76ED2D4B0ABD00F06B1F /* Release */,
			);
			defaultConfigurationIsVisible = 0;
			defaultConfigurationName = Release;
		};
		2E3F76EE2D4B0ABD00F06B1F /* Build configuration list for PBXNativeTarget "Codepath PreworkUITests" */ = {
			isa = XCConfigurationList;
			buildConfigurations = (
				2E3F76EF2D4B0ABD00F06B1F /* Debug */,
				2E3F76F02D4B0ABD00F06B1F /* Release */,
			);
			defaultConfigurationIsVisible = 0;
			defaultConfigurationName = Release;
		};
/* End XCConfigurationList section */
	};
	rootObject = 2E3F76B52D4B0AB200F06B1F /* Project object */;
}
